
Microsoft Visual Studio Solution File, Format Version 12.00
# Visual Studio Version 16
VisualStudioVersion = 16.0.30114.105
MinimumVisualStudioVersion = 10.0.40219.1
Project("{FAE04EC0-301F-11D3-BF4B-00C04F79EFBC}") = "library", "library\library.csproj", "{ADF3622C-2647-44E7-B61D-5A59497E52A8}"
EndProject
Project("{FAE04EC0-301F-11D3-BF4B-00C04F79EFBC}") = "console-app", "console-app\console-app.csproj", "{2EF67A1E-4B31-4818-81F7-F638E203865C}"
EndProject
Global
	GlobalSection(SolutionConfigurationPlatforms) = preSolution
		Debug|Any CPU = Debug|Any CPU
		Release|Any CPU = Release|Any CPU
	EndGlobalSection
	GlobalSection(SolutionProperties) = preSolution
		HideSolutionNode = FALSE
	EndGlobalSection
	GlobalSection(ProjectConfigurationPlatforms) = postSolution
		{ADF3622C-2647-44E7-B61D-5A59497E52A8}.Debug|Any CPU.ActiveCfg = Debug|Any CPU
		{ADF3622C-2647-44E7-B61D-5A59497E52A8}.Debug|Any CPU.Build.0 = Debug|Any CPU
		{ADF3622C-2647-44E7-B61D-5A59497E52A8}.Release|Any CPU.ActiveCfg = Release|Any CPU
		{ADF3622C-2647-44E7-B61D-5A59497E52A8}.Release|Any CPU.Build.0 = Release|Any CPU
		{2EF67A1E-4B31-4818-81F7-F638E203865C}.Debug|Any CPU.ActiveCfg = Debug|Any CPU
		{2EF67A1E-4B31-4818-81F7-F638E203865C}.Debug|Any CPU.Build.0 = Debug|Any CPU
		{2EF67A1E-4B31-4818-81F7-F638E203865C}.Release|Any CPU.ActiveCfg = Release|Any CPU
		{2EF67A1E-4B31-4818-81F7-F638E203865C}.Release|Any CPU.Build.0 = Release|Any CPU
	EndGlobalSection
EndGlobal
